
Microsoft Visual Studio Solution File, Format Version 12.00
# Visual Studio Version 17
VisualStudioVersion = 17.0.31903.59
MinimumVisualStudioVersion = 10.0.40219.1
Project("{FAE04EC0-301F-11D3-BF4B-00C04F79EFBC}") = "API", "API\API.csproj", "{60DFFA74-7153-4F0F-A25D-9956982CF705}"
EndProject
Project("{FAE04EC0-301F-11D3-BF4B-00C04F79EFBC}") = "Core", "Core\Core.csproj", "{4254E8B4-2CDF-45CF-8A70-1C61E5E9648B}"
EndProject
Project("{FAE04EC0-301F-11D3-BF4B-00C04F79EFBC}") = "Infrastructure", "Infrastructure\Infrastructure.csproj", "{28167587-4091-4239-9F04-68AFAE274739}"
EndProject
Global
	GlobalSection(SolutionConfigurationPlatforms) = preSolution
		Debug|Any CPU = Debug|Any CPU
		Release|Any CPU = Release|Any CPU
	EndGlobalSection
	GlobalSection(SolutionProperties) = preSolution
		HideSolutionNode = FALSE
	EndGlobalSection
	GlobalSection(ProjectConfigurationPlatforms) = postSolution
		{60DFFA74-7153-4F0F-A25D-9956982CF705}.Debug|Any CPU.ActiveCfg = Debug|Any CPU
		{60DFFA74-7153-4F0F-A25D-9956982CF705}.Debug|Any CPU.Build.0 = Debug|Any CPU
		{60DFFA74-7153-4F0F-A25D-9956982CF705}.Release|Any CPU.ActiveCfg = Release|Any CPU
		{60DFFA74-7153-4F0F-A25D-9956982CF705}.Release|Any CPU.Build.0 = Release|Any CPU
		{4254E8B4-2CDF-45CF-8A70-1C61E5E9648B}.Debug|Any CPU.ActiveCfg = Debug|Any CPU
		{4254E8B4-2CDF-45CF-8A70-1C61E5E9648B}.Debug|Any CPU.Build.0 = Debug|Any CPU
		{4254E8B4-2CDF-45CF-8A70-1C61E5E9648B}.Release|Any CPU.ActiveCfg = Release|Any CPU
		{4254E8B4-2CDF-45CF-8A70-1C61E5E9648B}.Release|Any CPU.Build.0 = Release|Any CPU
		{28167587-4091-4239-9F04-68AFAE274739}.Debug|Any CPU.ActiveCfg = Debug|Any CPU
		{28167587-4091-4239-9F04-68AFAE274739}.Debug|Any CPU.Build.0 = Debug|Any CPU
		{28167587-4091-4239-9F04-68AFAE274739}.Release|Any CPU.ActiveCfg = Release|Any CPU
		{28167587-4091-4239-9F04-68AFAE274739}.Release|Any CPU.Build.0 = Release|Any CPU
	EndGlobalSection
EndGlobal
